<?xml version="1.0" encoding="utf-8"?>
<Project ToolsVersion="4.0" xmlns="http://schemas.microsoft.com/developer/msbuild/2003">
  <ItemGroup>
    <Filter Include="Source Files">
      <UniqueIdentifier>{4FC737F1-C7A5-4376-A066-2A32D752A2FF}</UniqueIdentifier>
      <Extensions>cpp;c;cc;cxx;c++;cppm;ixx;def;odl;idl;hpj;bat;asm;asmx</Extensions>
    </Filter>
    <Filter Include="Header Files">
      <UniqueIdentifier>{93995380-89BD-4b04-88EB-625FBE52EBFB}</UniqueIdentifier>
      <Extensions>h;hh;hpp;hxx;h++;hm;inl;inc;ipp;xsd</Extensions>
    </Filter>
    <Filter Include="Resource Files">
      <UniqueIdentifier>{67DA6AB6-F800-4c08-8B7A-83BB121AAD01}</UniqueIdentifier>
      <Extensions>rc;ico;cur;bmp;dlg;rc2;rct;bin;rgs;gif;jpg;jpeg;jpe;resx;tiff;tif;png;wav;mfcribbon-ms</Extensions>
    </Filter>
    <Filter Include="SQL Files">
      <UniqueIdentifier>{d63fff29-021e-47dd-8e6f-01d44e29bc20}</UniqueIdentifier>
    </Filter>
    <Filter Include="Bash Scripts">
      <UniqueIdentifier>{36b0dd28-5286-4152-bd73-85dd301c2913}</UniqueIdentifier>
    </Filter>
  </ItemGroup>
  <ItemGroup>
    <ClCompile Include="midnight-leetcode.cpp">
      <Filter>Source Files</Filter>
    </ClCompile>
  </ItemGroup>
  <ItemGroup>
    <ClInclude Include="two-sum.h">
      <Filter>Header Files</Filter>
    </ClInclude>
    <ClInclude Include="reverse-integer.h">
      <Filter>Header Files</Filter>
    </ClInclude>
    <ClInclude Include="palindrome-number.h">
      <Filter>Header Files</Filter>
    </ClInclude>
    <ClInclude Include="roman-to-integer.h">
      <Filter>Header Files</Filter>
    </ClInclude>
    <ClInclude Include="longest-common-prefix.h">
      <Filter>Header Files</Filter>
    </ClInclude>
    <ClInclude Include="valid-parentheses.h">
      <Filter>Header Files</Filter>
    </ClInclude>
    <ClInclude Include="merge-two-sorted-lists.h">
      <Filter>Header Files</Filter>
    </ClInclude>
    <ClInclude Include="list-node.h">
      <Filter>Header Files</Filter>
    </ClInclude>
    <ClInclude Include="remove-duplicates-from-sorted-array.h">
      <Filter>Header Files</Filter>
    </ClInclude>
    <ClInclude Include="remove-element.h">
      <Filter>Header Files</Filter>
    </ClInclude>
    <ClInclude Include="implement-strstr.h">
      <Filter>Header Files</Filter>
    </ClInclude>
    <ClInclude Include="search-insert-position.h">
      <Filter>Header Files</Filter>
    </ClInclude>
    <ClInclude Include="maximum-subarray.h">
      <Filter>Header Files</Filter>
    </ClInclude>
    <ClInclude Include="length-of-last-word.h">
      <Filter>Header Files</Filter>
    </ClInclude>
    <ClInclude Include="plus-one.h">
      <Filter>Header Files</Filter>
    </ClInclude>
    <ClInclude Include="add-binary.h">
      <Filter>Header Files</Filter>
    </ClInclude>
    <ClInclude Include="sqrtx.h">
      <Filter>Header Files</Filter>
    </ClInclude>
    <ClInclude Include="climbing-stairs.h">
      <Filter>Header Files</Filter>
    </ClInclude>
    <ClInclude Include="remove-duplicates-from-sorted-list.h">
      <Filter>Header Files</Filter>
    </ClInclude>
    <ClInclude Include="merge-sorted-array.h">
      <Filter>Header Files</Filter>
    </ClInclude>
    <ClInclude Include="same-tree.h">
      <Filter>Header Files</Filter>
    </ClInclude>
    <ClInclude Include="tree-node.h">
      <Filter>Header Files</Filter>
    </ClInclude>
    <ClInclude Include="symmetric-tree.h">
      <Filter>Header Files</Filter>
    </ClInclude>
    <ClInclude Include="maximum-depth-of-binary-tree.h">
      <Filter>Header Files</Filter>
    </ClInclude>
    <ClInclude Include="convert-sorted-array-to-binary-search-tree.h">
      <Filter>Header Files</Filter>
    </ClInclude>
    <ClInclude Include="balanced-binary-tree.h">
      <Filter>Header Files</Filter>
    </ClInclude>
    <ClInclude Include="minimum-depth-of-binary-tree.h">
      <Filter>Header Files</Filter>
    </ClInclude>
    <ClInclude Include="path-sum.h">
      <Filter>Header Files</Filter>
    </ClInclude>
    <ClInclude Include="pascals-triangle.h">
      <Filter>Header Files</Filter>
    </ClInclude>
    <ClInclude Include="pascals-triangle-ii.h">
      <Filter>Header Files</Filter>
    </ClInclude>
    <ClInclude Include="best-time-to-buy-and-sell-stock.h">
      <Filter>Header Files</Filter>
    </ClInclude>
    <ClInclude Include="best-time-to-buy-and-sell-stock-ii.h">
      <Filter>Header Files</Filter>
    </ClInclude>
    <ClInclude Include="valid-palindrome.h">
      <Filter>Header Files</Filter>
    </ClInclude>
    <ClInclude Include="single-number.h">
      <Filter>Header Files</Filter>
    </ClInclude>
    <ClInclude Include="linked-list-cycle.h">
      <Filter>Header Files</Filter>
    </ClInclude>
    <ClInclude Include="min-stack.h">
      <Filter>Header Files</Filter>
    </ClInclude>
    <ClInclude Include="intersection-of-two-linked-lists.h">
      <Filter>Header Files</Filter>
    </ClInclude>
    <ClInclude Include="two-sum-ii-input-array-is-sorted.h">
      <Filter>Header Files</Filter>
    </ClInclude>
    <ClInclude Include="excel-sheet-column-title.h">
      <Filter>Header Files</Filter>
    </ClInclude>
    <ClInclude Include="majority-element.h">
      <Filter>Header Files</Filter>
    </ClInclude>
    <ClInclude Include="excel-sheet-column-number.h">
      <Filter>Header Files</Filter>
    </ClInclude>
    <ClInclude Include="factorial-trailing-zeroes.h">
      <Filter>Header Files</Filter>
    </ClInclude>
    <ClInclude Include="reverse-bits.h">
      <Filter>Header Files</Filter>
    </ClInclude>
    <ClInclude Include="number-of-1-bits.h">
      <Filter>Header Files</Filter>
    </ClInclude>
    <ClInclude Include="happy-number.h">
      <Filter>Header Files</Filter>
    </ClInclude>
    <ClInclude Include="remove-linked-list-elements.h">
      <Filter>Header Files</Filter>
    </ClInclude>
    <ClInclude Include="binary-tree-inorder-traversal.h">
      <Filter>Header Files</Filter>
    </ClInclude>
    <ClInclude Include="binary-tree-preorder-traversal.h">
      <Filter>Header Files</Filter>
    </ClInclude>
    <ClInclude Include="binary-tree-postorder-traversal.h">
      <Filter>Header Files</Filter>
    </ClInclude>
    <ClInclude Include="count-primes.h">
      <Filter>Header Files</Filter>
    </ClInclude>
    <ClInclude Include="isomorphic-strings.h">
      <Filter>Header Files</Filter>
    </ClInclude>
    <ClInclude Include="reverse-linked-list.h">
      <Filter>Header Files</Filter>
    </ClInclude>
    <ClInclude Include="contains-duplicate.h">
      <Filter>Header Files</Filter>
    </ClInclude>
    <ClInclude Include="contains-duplicate-ii.h">
      <Filter>Header Files</Filter>
    </ClInclude>
    <ClInclude Include="implement-stack-using-queues.h">
      <Filter>Header Files</Filter>
    </ClInclude>
    <ClInclude Include="invert-binary-tree.h">
      <Filter>Header Files</Filter>
    </ClInclude>
    <ClInclude Include="summary-ranges.h">
      <Filter>Header Files</Filter>
    </ClInclude>
    <ClInclude Include="power-of-two.h">
      <Filter>Header Files</Filter>
    </ClInclude>
    <ClInclude Include="implement-queue-using-stacks.h">
      <Filter>Header Files</Filter>
    </ClInclude>
    <ClInclude Include="palindrome-linked-list.h">
      <Filter>Header Files</Filter>
    </ClInclude>
    <ClInclude Include="lowest-common-ancestor-of-a-binary-search-tree.h">
      <Filter>Header Files</Filter>
    </ClInclude>
    <ClInclude Include="delete-node-in-a-linked-list.h">
      <Filter>Header Files</Filter>
    </ClInclude>
    <ClInclude Include="valid-anagram.h">
      <Filter>Header Files</Filter>
    </ClInclude>
    <ClInclude Include="binary-tree-paths.h">
      <Filter>Header Files</Filter>
    </ClInclude>
    <ClInclude Include="add-digits.h">
      <Filter>Header Files</Filter>
    </ClInclude>
    <ClInclude Include="ugly-number.h">
      <Filter>Header Files</Filter>
    </ClInclude>
    <ClInclude Include="missing-number.h">
      <Filter>Header Files</Filter>
    </ClInclude>
    <ClInclude Include="first-bad-version.h">
      <Filter>Header Files</Filter>
    </ClInclude>
    <ClInclude Include="move-zeroes.h">
      <Filter>Header Files</Filter>
    </ClInclude>
    <ClInclude Include="word-pattern.h">
      <Filter>Header Files</Filter>
    </ClInclude>
    <ClInclude Include="nim-game.h">
      <Filter>Header Files</Filter>
    </ClInclude>
    <ClInclude Include="range-sum-query-immutable.h">
      <Filter>Header Files</Filter>
    </ClInclude>
    <ClInclude Include="power-of-three.h">
      <Filter>Header Files</Filter>
    </ClInclude>
    <ClInclude Include="power-of-four.h">
      <Filter>Header Files</Filter>
    </ClInclude>
    <ClInclude Include="reverse-string.h">
      <Filter>Header Files</Filter>
    </ClInclude>
    <ClInclude Include="reverse-vowels-of-a-string.h">
      <Filter>Header Files</Filter>
    </ClInclude>
    <ClInclude Include="intersection-of-two-arrays.h">
      <Filter>Header Files</Filter>
    </ClInclude>
    <ClInclude Include="intersection-of-two-arrays-ii.h">
      <Filter>Header Files</Filter>
    </ClInclude>
    <ClInclude Include="valid-perfect-square.h">
      <Filter>Header Files</Filter>
    </ClInclude>
    <ClInclude Include="guess-number-higher-or-lower.h">
      <Filter>Header Files</Filter>
    </ClInclude>
    <ClInclude Include="ransom-note.h">
      <Filter>Header Files</Filter>
    </ClInclude>
    <ClInclude Include="first-unique-character-in-a-string.h">
      <Filter>Header Files</Filter>
    </ClInclude>
    <ClInclude Include="find-the-difference.h">
      <Filter>Header Files</Filter>
    </ClInclude>
    <ClInclude Include="is-subsequence.h">
      <Filter>Header Files</Filter>
    </ClInclude>
    <ClInclude Include="binary-watch.h">
      <Filter>Header Files</Filter>
    </ClInclude>
    <ClInclude Include="sum-of-left-leaves.h">
      <Filter>Header Files</Filter>
    </ClInclude>
    <ClInclude Include="convert-a-number-to-hexadecimal.h">
      <Filter>Header Files</Filter>
    </ClInclude>
    <ClInclude Include="longest-palindrome.h">
      <Filter>Header Files</Filter>
    </ClInclude>
    <ClInclude Include="fizz-buzz.h">
      <Filter>Header Files</Filter>
    </ClInclude>
    <ClInclude Include="third-maximum-number.h">
      <Filter>Header Files</Filter>
    </ClInclude>
    <ClInclude Include="add-strings.h">
      <Filter>Header Files</Filter>
    </ClInclude>
    <ClInclude Include="number-of-segments-in-a-string.h">
      <Filter>Header Files</Filter>
    </ClInclude>
    <ClInclude Include="arranging-coins.h">
      <Filter>Header Files</Filter>
    </ClInclude>
    <ClInclude Include="find-all-numbers-disappeared-in-an-array.h">
      <Filter>Header Files</Filter>
    </ClInclude>
    <ClInclude Include="minimum-moves-to-equal-array-elements.h">
      <Filter>Header Files</Filter>
    </ClInclude>
    <ClInclude Include="assign-cookies.h">
      <Filter>Header Files</Filter>
    </ClInclude>
    <ClInclude Include="repeated-substring-pattern.h">
      <Filter>Header Files</Filter>
    </ClInclude>
    <ClInclude Include="hamming-distance.h">
      <Filter>Header Files</Filter>
    </ClInclude>
    <ClInclude Include="island-perimeter.h">
      <Filter>Header Files</Filter>
    </ClInclude>
    <ClInclude Include="number-complement.h">
      <Filter>Header Files</Filter>
    </ClInclude>
    <ClInclude Include="license-key-formatting.h">
      <Filter>Header Files</Filter>
    </ClInclude>
    <ClInclude Include="max-consecutive-ones.h">
      <Filter>Header Files</Filter>
    </ClInclude>
    <ClInclude Include="construct-the-rectangle.h">
      <Filter>Header Files</Filter>
    </ClInclude>
    <ClInclude Include="teemo-attacking.h">
      <Filter>Header Files</Filter>
    </ClInclude>
    <ClInclude Include="next-greater-element-i.h">
      <Filter>Header Files</Filter>
    </ClInclude>
    <ClInclude Include="keyboard-row.h">
      <Filter>Header Files</Filter>
    </ClInclude>
    <ClInclude Include="find-mode-in-binary-search-tree.h">
      <Filter>Header Files</Filter>
    </ClInclude>
    <ClInclude Include="base-7.h">
      <Filter>Header Files</Filter>
    </ClInclude>
    <ClInclude Include="relative-ranks.h">
      <Filter>Header Files</Filter>
    </ClInclude>
    <ClInclude Include="perfect-number.h">
      <Filter>Header Files</Filter>
    </ClInclude>
    <ClInclude Include="fibonacci-number.h">
      <Filter>Header Files</Filter>
    </ClInclude>
    <ClInclude Include="detect-capital.h">
      <Filter>Header Files</Filter>
    </ClInclude>
    <ClInclude Include="longest-uncommon-subsequence-i.h">
      <Filter>Header Files</Filter>
    </ClInclude>
    <ClInclude Include="minimum-absolute-difference-in-bst.h">
      <Filter>Header Files</Filter>
    </ClInclude>
    <ClInclude Include="reverse-string-ii.h">
      <Filter>Header Files</Filter>
    </ClInclude>
    <ClInclude Include="diameter-of-binary-tree.h">
      <Filter>Header Files</Filter>
    </ClInclude>
    <ClInclude Include="student-attendance-record-i.h">
      <Filter>Header Files</Filter>
    </ClInclude>
    <ClInclude Include="reverse-words-in-a-string-iii.h">
      <Filter>Header Files</Filter>
    </ClInclude>
    <ClInclude Include="maximum-depth-of-n-ary-tree.h">
      <Filter>Header Files</Filter>
    </ClInclude>
    <ClInclude Include="node.h">
      <Filter>Header Files</Filter>
    </ClInclude>
    <ClInclude Include="array-partition-i.h">
      <Filter>Header Files</Filter>
    </ClInclude>
    <ClInclude Include="binary-tree-tilt.h">
      <Filter>Header Files</Filter>
    </ClInclude>
    <ClInclude Include="reshape-the-matrix.h">
      <Filter>Header Files</Filter>
    </ClInclude>
    <ClInclude Include="subtree-of-another-tree.h">
      <Filter>Header Files</Filter>
    </ClInclude>
    <ClInclude Include="distribute-candies.h">
      <Filter>Header Files</Filter>
    </ClInclude>
    <ClInclude Include="n-ary-tree-preorder-traversal.h">
      <Filter>Header Files</Filter>
    </ClInclude>
    <ClInclude Include="n-ary-tree-postorder-traversal.h">
      <Filter>Header Files</Filter>
    </ClInclude>
    <ClInclude Include="longest-harmonious-subsequence.h">
      <Filter>Header Files</Filter>
    </ClInclude>
    <ClInclude Include="range-addition-ii.h">
      <Filter>Header Files</Filter>
    </ClInclude>
    <ClInclude Include="minimum-index-sum-of-two-lists.h">
      <Filter>Header Files</Filter>
    </ClInclude>
    <ClInclude Include="can-place-flowers.h">
      <Filter>Header Files</Filter>
    </ClInclude>
    <ClInclude Include="construct-string-from-binary-tree.h">
      <Filter>Header Files</Filter>
    </ClInclude>
    <ClInclude Include="merge-two-binary-trees.h">
      <Filter>Header Files</Filter>
    </ClInclude>
    <ClInclude Include="maximum-product-of-three-numbers.h">
      <Filter>Header Files</Filter>
    </ClInclude>
    <ClInclude Include="average-of-levels-in-binary-tree.h">
      <Filter>Header Files</Filter>
    </ClInclude>
    <ClInclude Include="maximum-average-subarray-i.h">
      <Filter>Header Files</Filter>
    </ClInclude>
    <ClInclude Include="set-mismatch.h">
      <Filter>Header Files</Filter>
    </ClInclude>
    <ClInclude Include="two-sum-iv-input-is-a-bst.h">
      <Filter>Header Files</Filter>
    </ClInclude>
    <ClInclude Include="robot-return-to-origin.h">
      <Filter>Header Files</Filter>
    </ClInclude>
    <ClInclude Include="image-smoother.h">
      <Filter>Header Files</Filter>
    </ClInclude>
    <ClInclude Include="second-minimum-node-in-a-binary-tree.h">
      <Filter>Header Files</Filter>
    </ClInclude>
    <ClInclude Include="longest-continuous-increasing-subsequence.h">
      <Filter>Header Files</Filter>
    </ClInclude>
    <ClInclude Include="valid-palindrome-ii.h">
      <Filter>Header Files</Filter>
    </ClInclude>
    <ClInclude Include="baseball-game.h">
      <Filter>Header Files</Filter>
    </ClInclude>
    <ClInclude Include="employee-importance.h">
      <Filter>Header Files</Filter>
    </ClInclude>
    <ClInclude Include="employee.h">
      <Filter>Header Files</Filter>
    </ClInclude>
    <ClInclude Include="binary-number-with-alternating-bits.h">
      <Filter>Header Files</Filter>
    </ClInclude>
    <ClInclude Include="count-binary-substrings.h">
      <Filter>Header Files</Filter>
    </ClInclude>
    <ClInclude Include="degree-of-an-array.h">
      <Filter>Header Files</Filter>
    </ClInclude>
    <ClInclude Include="search-in-a-binary-search-tree.h">
      <Filter>Header Files</Filter>
    </ClInclude>
    <ClInclude Include="kth-largest-element-in-a-stream.h">
      <Filter>Header Files</Filter>
    </ClInclude>
    <ClInclude Include="binary-search.h">
      <Filter>Header Files</Filter>
    </ClInclude>
    <ClInclude Include="design-hashset.h">
      <Filter>Header Files</Filter>
    </ClInclude>
    <ClInclude Include="design-hashmap.h">
      <Filter>Header Files</Filter>
    </ClInclude>
    <ClInclude Include="to-lower-case.h">
      <Filter>Header Files</Filter>
    </ClInclude>
    <ClInclude Include="1-bit-and-2-bit-characters.h">
      <Filter>Header Files</Filter>
    </ClInclude>
    <ClInclude Include="find-pivot-index.h">
      <Filter>Header Files</Filter>
    </ClInclude>
    <ClInclude Include="self-dividing-numbers.h">
      <Filter>Header Files</Filter>
    </ClInclude>
    <ClInclude Include="flood-fill.h">
      <Filter>Header Files</Filter>
    </ClInclude>
    <ClInclude Include="find-smallest-letter-greater-than-target.h">
      <Filter>Header Files</Filter>
    </ClInclude>
    <ClInclude Include="min-cost-climbing-stairs.h">
      <Filter>Header Files</Filter>
    </ClInclude>
    <ClInclude Include="largest-number-at-least-twice-of-others.h">
      <Filter>Header Files</Filter>
    </ClInclude>
    <ClInclude Include="shortest-completing-word.h">
      <Filter>Header Files</Filter>
    </ClInclude>
    <ClInclude Include="prime-number-of-set-bits-in-binary-representation.h">
      <Filter>Header Files</Filter>
    </ClInclude>
    <ClInclude Include="toeplitz-matrix.h">
      <Filter>Header Files</Filter>
    </ClInclude>
    <ClInclude Include="jewels-and-stones.h">
      <Filter>Header Files</Filter>
    </ClInclude>
    <ClInclude Include="minimum-distance-between-bst-nodes.h">
      <Filter>Header Files</Filter>
    </ClInclude>
    <ClInclude Include="rotated-digits.h">
      <Filter>Header Files</Filter>
    </ClInclude>
    <ClInclude Include="rotate-string.h">
      <Filter>Header Files</Filter>
    </ClInclude>
    <ClInclude Include="unique-morse-code-words.h">
      <Filter>Header Files</Filter>
    </ClInclude>
    <ClInclude Include="number-of-lines-to-write-string.h">
      <Filter>Header Files</Filter>
    </ClInclude>
    <ClInclude Include="subdomain-visit-count.h">
      <Filter>Header Files</Filter>
    </ClInclude>
    <ClInclude Include="largest-triangle-area.h">
      <Filter>Header Files</Filter>
    </ClInclude>
    <ClInclude Include="most-common-word.h">
      <Filter>Header Files</Filter>
    </ClInclude>
    <ClInclude Include="shortest-distance-to-a-character.h">
      <Filter>Header Files</Filter>
    </ClInclude>
    <ClInclude Include="goat-latin.h">
      <Filter>Header Files</Filter>
    </ClInclude>
  </ItemGroup>
  <ItemGroup>
    <None Include="combine-two-tables.sql">
      <Filter>SQL Files</Filter>
    </None>
    <None Include="customers-who-never-order.sql">
      <Filter>SQL Files</Filter>
    </None>
    <None Include="duplicate-emails.sql">
      <Filter>SQL Files</Filter>
    </None>
    <None Include="employees-earning-more-than-their-managers.sql">
      <Filter>SQL Files</Filter>
    </None>
    <None Include="second-highest-salary.sql">
      <Filter>SQL Files</Filter>
    </None>
    <None Include="valid-phone-numbers.sh">
      <Filter>Bash Scripts</Filter>
    </None>
    <None Include="tenth-line.sh">
      <Filter>Bash Scripts</Filter>
    </None>
    <None Include="delete-duplicate-emails.sql">
      <Filter>SQL Files</Filter>
    </None>
    <None Include="rising-temperature.sql">
      <Filter>SQL Files</Filter>
    </None>
    <None Include="big-countries.sql">
      <Filter>SQL Files</Filter>
    </None>
    <None Include="classes-more-than-5-students.sql">
      <Filter>SQL Files</Filter>
    </None>
    <None Include="not-boring-movies.sql">
      <Filter>SQL Files</Filter>
    </None>
    <None Include="swap-salary.sql">
      <Filter>SQL Files</Filter>
    </None>
  </ItemGroup>
</Project>