<?xml version="1.0" encoding="utf-8"?>
<Project ToolsVersion="4.0" xmlns="http://schemas.microsoft.com/developer/msbuild/2003">
  <ItemGroup>
    <Filter Include="Source Files">
      <UniqueIdentifier>{4FC737F1-C7A5-4376-A066-2A32D752A2FF}</UniqueIdentifier>
      <Extensions>cpp;c;cc;cxx;c++;cppm;ixx;def;odl;idl;hpj;bat;asm;asmx</Extensions>
    </Filter>
    <Filter Include="Header Files">
      <UniqueIdentifier>{93995380-89BD-4b04-88EB-625FBE52EBFB}</UniqueIdentifier>
      <Extensions>h;hh;hpp;hxx;h++;hm;inl;inc;ipp;xsd</Extensions>
    </Filter>
    <Filter Include="Resource Files">
      <UniqueIdentifier>{67DA6AB6-F800-4c08-8B7A-83BB121AAD01}</UniqueIdentifier>
      <Extensions>rc;ico;cur;bmp;dlg;rc2;rct;bin;rgs;gif;jpg;jpeg;jpe;resx;tiff;tif;png;wav;mfcribbon-ms</Extensions>
    </Filter>
    <Filter Include="SQL Files">
      <UniqueIdentifier>{d63fff29-021e-47dd-8e6f-01d44e29bc20}</UniqueIdentifier>
    </Filter>
    <Filter Include="Bash Scripts">
      <UniqueIdentifier>{36b0dd28-5286-4152-bd73-85dd301c2913}</UniqueIdentifier>
    </Filter>
  </ItemGroup>
  <ItemGroup>
    <ClCompile Include="midnight-leetcode.cpp">
      <Filter>Source Files</Filter>
    </ClCompile>
  </ItemGroup>
  <ItemGroup>
    <ClInclude Include="two-sum.h">
      <Filter>Header Files</Filter>
    </ClInclude>
    <ClInclude Include="reverse-integer.h">
      <Filter>Header Files</Filter>
    </ClInclude>
    <ClInclude Include="palindrome-number.h">
      <Filter>Header Files</Filter>
    </ClInclude>
    <ClInclude Include="roman-to-integer.h">
      <Filter>Header Files</Filter>
    </ClInclude>
    <ClInclude Include="longest-common-prefix.h">
      <Filter>Header Files</Filter>
    </ClInclude>
    <ClInclude Include="valid-parentheses.h">
      <Filter>Header Files</Filter>
    </ClInclude>
    <ClInclude Include="merge-two-sorted-lists.h">
      <Filter>Header Files</Filter>
    </ClInclude>
    <ClInclude Include="list-node.h">
      <Filter>Header Files</Filter>
    </ClInclude>
    <ClInclude Include="remove-duplicates-from-sorted-array.h">
      <Filter>Header Files</Filter>
    </ClInclude>
    <ClInclude Include="remove-element.h">
      <Filter>Header Files</Filter>
    </ClInclude>
    <ClInclude Include="implement-strstr.h">
      <Filter>Header Files</Filter>
    </ClInclude>
    <ClInclude Include="search-insert-position.h">
      <Filter>Header Files</Filter>
    </ClInclude>
    <ClInclude Include="maximum-subarray.h">
      <Filter>Header Files</Filter>
    </ClInclude>
    <ClInclude Include="length-of-last-word.h">
      <Filter>Header Files</Filter>
    </ClInclude>
    <ClInclude Include="plus-one.h">
      <Filter>Header Files</Filter>
    </ClInclude>
    <ClInclude Include="add-binary.h">
      <Filter>Header Files</Filter>
    </ClInclude>
    <ClInclude Include="sqrtx.h">
      <Filter>Header Files</Filter>
    </ClInclude>
    <ClInclude Include="climbing-stairs.h">
      <Filter>Header Files</Filter>
    </ClInclude>
    <ClInclude Include="remove-duplicates-from-sorted-list.h">
      <Filter>Header Files</Filter>
    </ClInclude>
    <ClInclude Include="merge-sorted-array.h">
      <Filter>Header Files</Filter>
    </ClInclude>
    <ClInclude Include="same-tree.h">
      <Filter>Header Files</Filter>
    </ClInclude>
    <ClInclude Include="tree-node.h">
      <Filter>Header Files</Filter>
    </ClInclude>
    <ClInclude Include="symmetric-tree.h">
      <Filter>Header Files</Filter>
    </ClInclude>
    <ClInclude Include="maximum-depth-of-binary-tree.h">
      <Filter>Header Files</Filter>
    </ClInclude>
    <ClInclude Include="convert-sorted-array-to-binary-search-tree.h">
      <Filter>Header Files</Filter>
    </ClInclude>
    <ClInclude Include="balanced-binary-tree.h">
      <Filter>Header Files</Filter>
    </ClInclude>
    <ClInclude Include="minimum-depth-of-binary-tree.h">
      <Filter>Header Files</Filter>
    </ClInclude>
    <ClInclude Include="path-sum.h">
      <Filter>Header Files</Filter>
    </ClInclude>
    <ClInclude Include="pascals-triangle.h">
      <Filter>Header Files</Filter>
    </ClInclude>
    <ClInclude Include="pascals-triangle-ii.h">
      <Filter>Header Files</Filter>
    </ClInclude>
    <ClInclude Include="best-time-to-buy-and-sell-stock.h">
      <Filter>Header Files</Filter>
    </ClInclude>
    <ClInclude Include="best-time-to-buy-and-sell-stock-ii.h">
      <Filter>Header Files</Filter>
    </ClInclude>
    <ClInclude Include="valid-palindrome.h">
      <Filter>Header Files</Filter>
    </ClInclude>
    <ClInclude Include="single-number.h">
      <Filter>Header Files</Filter>
    </ClInclude>
    <ClInclude Include="linked-list-cycle.h">
      <Filter>Header Files</Filter>
    </ClInclude>
    <ClInclude Include="min-stack.h">
      <Filter>Header Files</Filter>
    </ClInclude>
    <ClInclude Include="intersection-of-two-linked-lists.h">
      <Filter>Header Files</Filter>
    </ClInclude>
    <ClInclude Include="two-sum-ii-input-array-is-sorted.h">
      <Filter>Header Files</Filter>
    </ClInclude>
    <ClInclude Include="excel-sheet-column-title.h">
      <Filter>Header Files</Filter>
    </ClInclude>
    <ClInclude Include="majority-element.h">
      <Filter>Header Files</Filter>
    </ClInclude>
    <ClInclude Include="excel-sheet-column-number.h">
      <Filter>Header Files</Filter>
    </ClInclude>
    <ClInclude Include="factorial-trailing-zeroes.h">
      <Filter>Header Files</Filter>
    </ClInclude>
    <ClInclude Include="reverse-bits.h">
      <Filter>Header Files</Filter>
    </ClInclude>
    <ClInclude Include="number-of-1-bits.h">
      <Filter>Header Files</Filter>
    </ClInclude>
    <ClInclude Include="happy-number.h">
      <Filter>Header Files</Filter>
    </ClInclude>
    <ClInclude Include="remove-linked-list-elements.h">
      <Filter>Header Files</Filter>
    </ClInclude>
    <ClInclude Include="binary-tree-inorder-traversal.h">
      <Filter>Header Files</Filter>
    </ClInclude>
    <ClInclude Include="binary-tree-preorder-traversal.h">
      <Filter>Header Files</Filter>
    </ClInclude>
    <ClInclude Include="binary-tree-postorder-traversal.h">
      <Filter>Header Files</Filter>
    </ClInclude>
    <ClInclude Include="count-primes.h">
      <Filter>Header Files</Filter>
    </ClInclude>
    <ClInclude Include="isomorphic-strings.h">
      <Filter>Header Files</Filter>
    </ClInclude>
    <ClInclude Include="reverse-linked-list.h">
      <Filter>Header Files</Filter>
    </ClInclude>
    <ClInclude Include="contains-duplicate.h">
      <Filter>Header Files</Filter>
    </ClInclude>
    <ClInclude Include="contains-duplicate-ii.h">
      <Filter>Header Files</Filter>
    </ClInclude>
    <ClInclude Include="implement-stack-using-queues.h">
      <Filter>Header Files</Filter>
    </ClInclude>
    <ClInclude Include="invert-binary-tree.h">
      <Filter>Header Files</Filter>
    </ClInclude>
    <ClInclude Include="summary-ranges.h">
      <Filter>Header Files</Filter>
    </ClInclude>
    <ClInclude Include="power-of-two.h">
      <Filter>Header Files</Filter>
    </ClInclude>
    <ClInclude Include="implement-queue-using-stacks.h">
      <Filter>Header Files</Filter>
    </ClInclude>
    <ClInclude Include="palindrome-linked-list.h">
      <Filter>Header Files</Filter>
    </ClInclude>
    <ClInclude Include="lowest-common-ancestor-of-a-binary-search-tree.h">
      <Filter>Header Files</Filter>
    </ClInclude>
    <ClInclude Include="delete-node-in-a-linked-list.h">
      <Filter>Header Files</Filter>
    </ClInclude>
    <ClInclude Include="valid-anagram.h">
      <Filter>Header Files</Filter>
    </ClInclude>
    <ClInclude Include="binary-tree-paths.h">
      <Filter>Header Files</Filter>
    </ClInclude>
    <ClInclude Include="add-digits.h">
      <Filter>Header Files</Filter>
    </ClInclude>
    <ClInclude Include="ugly-number.h">
      <Filter>Header Files</Filter>
    </ClInclude>
    <ClInclude Include="missing-number.h">
      <Filter>Header Files</Filter>
    </ClInclude>
  </ItemGroup>
  <ItemGroup>
    <None Include="combine-two-tables.sql">
      <Filter>SQL Files</Filter>
    </None>
    <None Include="customers-who-never-order.sql">
      <Filter>SQL Files</Filter>
    </None>
    <None Include="duplicate-emails.sql">
      <Filter>SQL Files</Filter>
    </None>
    <None Include="employees-earning-more-than-their-managers.sql">
      <Filter>SQL Files</Filter>
    </None>
    <None Include="second-highest-salary.sql">
      <Filter>SQL Files</Filter>
    </None>
    <None Include="valid-phone-numbers.sh">
      <Filter>Bash Scripts</Filter>
    </None>
    <None Include="tenth-line.sh">
      <Filter>Bash Scripts</Filter>
    </None>
    <None Include="delete-duplicate-emails.sql">
      <Filter>SQL Files</Filter>
    </None>
    <None Include="rising-temperature.sql">
      <Filter>SQL Files</Filter>
    </None>
  </ItemGroup>
</Project>